
Microsoft Visual Studio Solution File, Format Version 12.00
# Visual Studio Version 17
VisualStudioVersion = 17.4.33205.214
MinimumVisualStudioVersion = 10.0.40219.1
Project("{FAE04EC0-301F-11D3-BF4B-00C04F79EFBC}") = "Desafio1", "Desafio1\Desafio1.csproj", "{BEE91FA2-F74B-4B20-B0CA-E09EF5D56377}"
EndProject
Global
	GlobalSection(SolutionConfigurationPlatforms) = preSolution
		Debug|Any CPU = Debug|Any CPU
		Release|Any CPU = Release|Any CPU
	EndGlobalSection
	GlobalSection(ProjectConfigurationPlatforms) = postSolution
		{BEE91FA2-F74B-4B20-B0CA-E09EF5D56377}.Debug|Any CPU.ActiveCfg = Debug|Any CPU
		{BEE91FA2-F74B-4B20-B0CA-E09EF5D56377}.Debug|Any CPU.Build.0 = Debug|Any CPU
		{BEE91FA2-F74B-4B20-B0CA-E09EF5D56377}.Release|Any CPU.ActiveCfg = Release|Any CPU
		{BEE91FA2-F74B-4B20-B0CA-E09EF5D56377}.Release|Any CPU.Build.0 = Release|Any CPU
	EndGlobalSection
	GlobalSection(SolutionProperties) = preSolution
		HideSolutionNode = FALSE
	EndGlobalSection
	GlobalSection(ExtensibilityGlobals) = postSolution
		SolutionGuid = {61299207-F812-4DBA-A5B7-DAA85CBDC203}
	EndGlobalSection
EndGlobal
